
Microsoft Visual Studio Solution File, Format Version 12.00
# Visual Studio Version 17
VisualStudioVersion = 17.10.35013.160
MinimumVisualStudioVersion = 10.0.40219.1
Project("{FAE04EC0-301F-11D3-BF4B-00C04F79EFBC}") = "CustomAvatars", "CustomAvatars.csproj", "{B49903B8-C0B0-4E45-917E-5B11B276378C}"
EndProject
Global
	GlobalSection(SolutionConfigurationPlatforms) = preSolution
		Debug|Any CPU = Debug|Any CPU
		Release|Any CPU = Release|Any CPU
	EndGlobalSection
	GlobalSection(ProjectConfigurationPlatforms) = postSolution
		{B49903B8-C0B0-4E45-917E-5B11B276378C}.Debug|Any CPU.ActiveCfg = Debug|Any CPU
		{B49903B8-C0B0-4E45-917E-5B11B276378C}.Debug|Any CPU.Build.0 = Debug|Any CPU
		{B49903B8-C0B0-4E45-917E-5B11B276378C}.Release|Any CPU.ActiveCfg = Release|Any CPU
		{B49903B8-C0B0-4E45-917E-5B11B276378C}.Release|Any CPU.Build.0 = Release|Any CPU
	EndGlobalSection
	GlobalSection(SolutionProperties) = preSolution
		HideSolutionNode = FALSE
	EndGlobalSection
	GlobalSection(ExtensibilityGlobals) = postSolution
		SolutionGuid = {C255D02D-D80D-40F5-B0AA-FB8B9DCA38BE}
	EndGlobalSection
EndGlobal
